{
  "lockfile_version": "1",
  "packages": {
    "nodePackages.pnpm@latest": {
      "last_modified": "2023-11-23T16:10:41Z",
      "resolved": "github:NixOS/nixpkgs/e8b0430bc4c4235607ae102010dec2ba32e8c0ca#nodePackages.pnpm",
      "source": "devbox-search",
      "version": "8.10.5",
      "systems": {
        "aarch64-linux": {
          "store_path": "/nix/store/16r331i5imngs5kfzkdnxa28n3ny14j0-pnpm-8.10.5"
        },
        "x86_64-linux": {
          "store_path": "/nix/store/idw48sa6db5dfxz6mnakwbz9k9fjkppm-pnpm-8.10.5"
        }
      }
    },
    "nodejs@latest": {
      "last_modified": "2023-12-01T12:14:05Z",
      "resolved": "github:NixOS/nixpkgs/77da99a144cd341408308e0a37622f5edcc6c5ba#nodejs_21",
      "source": "devbox-search",
      "version": "21.3.0",
      "systems": {
        "aarch64-darwin": {
          "store_path": "/nix/store/14v3za8nwj0pzyslxgk91ivrwli4r5d7-nodejs-21.3.0"
        },
        "aarch64-linux": {
          "store_path": "/nix/store/zs16ndz5d90ybi31b0my5q63ym12jmjx-nodejs-21.3.0"
        },
        "x86_64-darwin": {
          "store_path": "/nix/store/s5f7nr4g0mp3x7p2c5lskdwqb8rd8nwh-nodejs-21.3.0"
        },
        "x86_64-linux": {
          "store_path": "/nix/store/5gx81a63z7mklr8kmjxybc3ysjn4gmf2-nodejs-21.3.0"
        }
      }
    },
    "poetry@latest": {
      "last_modified": "2023-12-09T06:39:50Z",
      "plugin_version": "0.0.4",
      "resolved": "github:NixOS/nixpkgs/29558c0722ffd40ff625256e16259168b7c03ed1#poetry",
      "source": "devbox-search",
      "version": "1.7.1",
      "systems": {
        "aarch64-darwin": {
          "store_path": "/nix/store/957yy01x2lr7ylv2fr2dwk8wjxpnxxp8-python3.11-poetry-1.7.1"
        },
        "aarch64-linux": {
          "store_path": "/nix/store/d3gavxnsv37rw2qdz61gnjyv8ag9sk62-python3.11-poetry-1.7.1"
        },
        "x86_64-darwin": {
          "store_path": "/nix/store/8ji3jz47dg7kdr6fla9vy28a5a8ifj6f-python3.11-poetry-1.7.1"
        },
        "x86_64-linux": {
          "store_path": "/nix/store/ris3jsq77jdk70gzzjsqsydwfgilbigg-python3.11-poetry-1.7.1"
        }
      }
    },
    "python3@latest": {
      "last_modified": "2023-11-19T17:46:56Z",
      "plugin_version": "0.0.3",
      "resolved": "github:NixOS/nixpkgs/0bf3f5cf6a98b5d077cdcdb00a6d4b3d92bc78b5#python3",
      "source": "devbox-search",
      "version": "3.11.6",
      "systems": {
        "aarch64-darwin": {
          "store_path": "/nix/store/ai4hd8f1xhr0rfjdr17bxx1rwi42sx97-python3-3.11.6"
        },
        "aarch64-linux": {
          "store_path": "/nix/store/7ahkv87jj59z90yal5dcrgagz58cqmz6-python3-3.11.6"
        },
        "x86_64-darwin": {
          "store_path": "/nix/store/dc4xnyqi2kh25f1c74dfczxw95anbhhr-python3-3.11.6"
        },
        "x86_64-linux": {
          "store_path": "/nix/store/qp5zys77biz7imbk6yy85q5pdv7qk84j-python3-3.11.6"
        }
      }
    }
  }
}
