{
  "lockfile_version": "1",
  "packages": {
    "nodePackages.pnpm@latest": {
      "last_modified": "2023-11-17T14:14:56Z",
      "resolved": "github:NixOS/nixpkgs/a71323f68d4377d12c04a5410e214495ec598d4c#nodePackages.pnpm",
      "source": "devbox-search",
      "version": "8.10.2",
      "systems": {
        "aarch64-linux": {
          "store_path": "/nix/store/4hhi4gqylxiiyw8kq1zii4s0xs7m6m51-pnpm-8.10.2"
        },
        "x86_64-linux": {
          "store_path": "/nix/store/dfld7gq52dvyb2gmxr2drfk0w9985q56-pnpm-8.10.2"
        }
      }
    },
    "nodejs@latest": {
      "last_modified": "2023-11-19T17:46:56Z",
      "resolved": "github:NixOS/nixpkgs/0bf3f5cf6a98b5d077cdcdb00a6d4b3d92bc78b5#nodejs_21",
      "source": "devbox-search",
      "version": "21.2.0",
      "systems": {
        "aarch64-darwin": {
          "store_path": "/nix/store/waq8bb12nbqwxxn1lgvdzsgs0gqk0d04-nodejs-21.2.0"
        },
        "aarch64-linux": {
          "store_path": "/nix/store/v03cn5xw03nxykgix04r1l31jjrgf9d3-nodejs-21.2.0"
        },
        "x86_64-darwin": {
          "store_path": "/nix/store/sv6nivfsqcl8s1dhqjpjy8dqvbx9mxwl-nodejs-21.2.0"
        },
        "x86_64-linux": {
          "store_path": "/nix/store/iklfdn5l792z46dl5qq9zqzqsmp2m4m9-nodejs-21.2.0"
        }
      }
    },
    "poetry@latest": {
      "last_modified": "2023-11-15T19:29:39Z",
      "plugin_version": "0.0.3",
      "resolved": "github:NixOS/nixpkgs/61202fc8677a6e9e0a82eb6610eeef28852fc790#poetry",
      "source": "devbox-search",
      "version": "1.6.1",
      "systems": {
        "aarch64-darwin": {
          "store_path": "/nix/store/7i5h0pfkg3qv0b97dkhgq53i2bb2s4sw-python3.11-poetry-1.6.1"
        },
        "aarch64-linux": {
          "store_path": "/nix/store/12zqkx7h5gwi485np0fcg4n8lafxql7w-python3.11-poetry-1.6.1"
        },
        "x86_64-darwin": {
          "store_path": "/nix/store/2svxaq779cpmrsv7l487rb1q5lqdbg0j-python3.11-poetry-1.6.1"
        },
        "x86_64-linux": {
          "store_path": "/nix/store/r4avn3bnyfgmgpb30aj6skb4iglg9i9d-python3.11-poetry-1.6.1"
        }
      }
    },
    "python3@latest": {
      "last_modified": "2023-11-19T17:46:56Z",
      "plugin_version": "0.0.1",
      "resolved": "github:NixOS/nixpkgs/0bf3f5cf6a98b5d077cdcdb00a6d4b3d92bc78b5#python3",
      "source": "devbox-search",
      "version": "3.11.6",
      "systems": {
        "aarch64-darwin": {
          "store_path": "/nix/store/ai4hd8f1xhr0rfjdr17bxx1rwi42sx97-python3-3.11.6"
        },
        "aarch64-linux": {
          "store_path": "/nix/store/7ahkv87jj59z90yal5dcrgagz58cqmz6-python3-3.11.6"
        },
        "x86_64-darwin": {
          "store_path": "/nix/store/dc4xnyqi2kh25f1c74dfczxw95anbhhr-python3-3.11.6"
        },
        "x86_64-linux": {
          "store_path": "/nix/store/qp5zys77biz7imbk6yy85q5pdv7qk84j-python3-3.11.6"
        }
      }
    }
  }
}
